<?xml version="1.0" encoding="utf-8"?>
<Project ToolsVersion="4.0" xmlns="http://schemas.microsoft.com/developer/msbuild/2003">
  <ItemGroup>
    <Filter Include="源文件">
      <UniqueIdentifier>{4FC737F1-C7A5-4376-A066-2A32D752A2FF}</UniqueIdentifier>
      <Extensions>cpp;c;cc;cxx;def;odl;idl;hpj;bat;asm;asmx</Extensions>
    </Filter>
    <Filter Include="头文件">
      <UniqueIdentifier>{93995380-89BD-4b04-88EB-625FBE52EBFB}</UniqueIdentifier>
      <Extensions>h;hh;hpp;hxx;hm;inl;inc;ipp;xsd</Extensions>
    </Filter>
    <Filter Include="资源文件">
      <UniqueIdentifier>{67DA6AB6-F800-4c08-8B7A-83BB121AAD01}</UniqueIdentifier>
      <Extensions>rc;ico;cur;bmp;dlg;rc2;rct;bin;rgs;gif;jpg;jpeg;jpe;resx;tiff;tif;png;wav;mfcribbon-ms</Extensions>
    </Filter>
  </ItemGroup>
  <ItemGroup>
    <ClCompile Include="封装.cpp">
      <Filter>源文件</Filter>
    </ClCompile>
    <ClCompile Include="MyCircle.cpp">
      <Filter>源文件</Filter>
    </ClCompile>
    <ClCompile Include="构造函数初始化列表.cpp">
      <Filter>源文件</Filter>
    </ClCompile>
    <ClCompile Include="构造函数中调用构造函数.cpp">
      <Filter>源文件</Filter>
    </ClCompile>
    <ClCompile Include="new和delete.cpp">
      <Filter>源文件</Filter>
    </ClCompile>
    <ClCompile Include="友元函数.cpp">
      <Filter>源文件</Filter>
    </ClCompile>
    <ClCompile Include="运算符重载.cpp">
      <Filter>源文件</Filter>
    </ClCompile>
    <ClCompile Include="重载=操作符.cpp">
      <Filter>源文件</Filter>
    </ClCompile>
    <ClCompile Include="继承.cpp">
      <Filter>源文件</Filter>
    </ClCompile>
    <ClCompile Include="继承中重名成员变量和函数.cpp">
      <Filter>源文件</Filter>
    </ClCompile>
    <ClCompile Include="多继承.cpp">
      <Filter>源文件</Filter>
    </ClCompile>
    <ClCompile Include="多继承的二义性.cpp">
      <Filter>源文件</Filter>
    </ClCompile>
    <ClCompile Include="多态.cpp">
      <Filter>源文件</Filter>
    </ClCompile>
    <ClCompile Include="虚析构函数.cpp">
      <Filter>源文件</Filter>
    </ClCompile>
    <ClCompile Include="test.cpp">
      <Filter>源文件</Filter>
    </ClCompile>
    <ClCompile Include="..\..\..\..\..\c++\02_C++基础\c++基础day07\文档和源码\代码\dm04_父类指针和子类指针的步长.cpp">
      <Filter>源文件</Filter>
    </ClCompile>
    <ClCompile Include="纯虚函数和抽象类.cpp">
      <Filter>源文件</Filter>
    </ClCompile>
    <ClCompile Include="数组指针_函数指针.cpp">
      <Filter>源文件</Filter>
    </ClCompile>
    <ClCompile Include="函数模板.cpp">
      <Filter>源文件</Filter>
    </ClCompile>
    <ClCompile Include="stl容器算法迭代器.cpp">
      <Filter>源文件</Filter>
    </ClCompile>
    <ClCompile Include="string类.cpp">
      <Filter>源文件</Filter>
    </ClCompile>
    <ClCompile Include="vector操作.cpp">
      <Filter>源文件</Filter>
    </ClCompile>
    <ClCompile Include="deque双端数组.cpp">
      <Filter>源文件</Filter>
    </ClCompile>
    <ClCompile Include="stackdemo.cpp">
      <Filter>源文件</Filter>
    </ClCompile>
    <ClCompile Include="queue队列.cpp">
      <Filter>源文件</Filter>
    </ClCompile>
    <ClCompile Include="list链表.cpp">
      <Filter>源文件</Filter>
    </ClCompile>
    <ClCompile Include="优先级队列.cpp">
      <Filter>源文件</Filter>
    </ClCompile>
    <ClCompile Include="set集合.cpp">
      <Filter>源文件</Filter>
    </ClCompile>
    <ClCompile Include="..\..\..\..\..\c++\03_C++进阶\C++进阶day11\源码\dm10_multiset基本操练.cpp">
      <Filter>源文件</Filter>
    </ClCompile>
    <ClCompile Include="map基本操作.cpp">
      <Filter>源文件</Filter>
    </ClCompile>
    <ClCompile Include="..\..\..\..\..\c++\03_C++进阶\C++进阶day12\源码\dm12_multimap基本案例.cpp">
      <Filter>源文件</Filter>
    </ClCompile>
    <ClCompile Include="..\..\..\..\..\c++\03_C++进阶\C++进阶day12\源码\dm13_容器值（value）语意.cpp">
      <Filter>源文件</Filter>
    </ClCompile>
    <ClCompile Include="函数模板当函数参数.cpp">
      <Filter>源文件</Filter>
    </ClCompile>
    <ClCompile Include="类模板基础语法.cpp">
      <Filter>源文件</Filter>
    </ClCompile>
    <ClCompile Include="..\..\..\..\..\c++\03_C++进阶\C++视频day09\代码\dm09_复数类_所有函数都写在类的外部(h和cpp分开).cpp">
      <Filter>源文件</Filter>
    </ClCompile>
    <ClCompile Include="..\..\..\..\..\c++\03_C++进阶\C++视频day09\代码\dm10_类模板中的static关键字.cpp">
      <Filter>源文件</Filter>
    </ClCompile>
    <ClCompile Include="类型转换.cpp">
      <Filter>源文件</Filter>
    </ClCompile>
    <ClCompile Include="异常基本语法.cpp">
      <Filter>源文件</Filter>
    </ClCompile>
    <ClCompile Include="算法.cpp">
      <Filter>源文件</Filter>
    </ClCompile>
  </ItemGroup>
  <ItemGroup>
    <ClInclude Include="MyCircle.h">
      <Filter>头文件</Filter>
    </ClInclude>
  </ItemGroup>
  <ItemGroup>
    <None Include="cpp.hint" />
  </ItemGroup>
</Project>